{
  "nodes": {
    "nixpkgs": {
      "locked": {
        "lastModified": 1685758009,
        "narHash": "sha256-IT4Z5WGhafrq+xbDTyuKrRPRQ1f+kVOtE+4JU1CHFeo=",
        "owner": "NixOS",
        "repo": "nixpkgs",
        "rev": "eaf03591711b46d21abc7082a8ebee4681f9dbeb",
        "type": "github"
      },
      "original": {
        "owner": "NixOS",
        "ref": "nixos-22.11",
        "repo": "nixpkgs",
        "type": "github"
      }
    },
    "root": {
      "inputs": {
        "nixpkgs": "nixpkgs",
        "tealeaves": "tealeaves"
      }
    },
    "tealeaves": {
      "inputs": {
        "nixpkgs": [
          "nixpkgs"
        ]
      },
      "locked": {
        "lastModified": 1685926005,
        "narHash": "sha256-yfOlqG+d++8BOicgcxxdx8zODNWPUGgldiGYZtSnRXI=",
        "owner": "dunnl",
        "repo": "tealeaves",
        "rev": "a4eed4e63053a56f86e72a8897f77f67b9d137a6",
        "type": "github"
      },
      "original": {
        "owner": "dunnl",
        "ref": "new-flakes",
        "repo": "tealeaves",
        "type": "github"
      }
    }
  },
  "root": "root",
  "version": 7
}
